{
  "name": "react-clean",
  "version": "1.0.0",
  "lockfileVersion": 1,
  "requires": true,
  "dependencies": {
    "servor": {
      "version": "2.0.3",
      "resolved": "https://registry.npmjs.org/servor/-/servor-2.0.3.tgz",
      "integrity": "sha512-LuXdSg+1w/0LnnKjZrwFGcpnHpFLvAQj7t6Kes4h1LUVmeGKA6X/9NdcWnjj25nJDDHXdhRKusMf5ftG/2BGBQ==",
      "dev": true
    }
  }
}
